{
  "lockfileVersion": 1,
  "workspaces": {
    "": {
      "dependencies": {
        "tailwindcss": "^4.1.13",
      },
    },
  },
  "packages": {
    "tailwindcss": ["tailwindcss@4.1.13", "", {}, "sha512-i+zidfmTqtwquj4hMEwdjshYYgMbOrPzb9a0M3ZgNa0JMoZeFC6bxZvO8yr8ozS6ix2SDz0+mvryPeBs2TFE+w=="],
  }
}
